
Microsoft Visual Studio Solution File, Format Version 12.00
# Visual Studio Version 17
VisualStudioVersion = 17.9.34622.214
MinimumVisualStudioVersion = 10.0.40219.1
Project("{FAE04EC0-301F-11D3-BF4B-00C04F79EFBC}") = "Algorithm", "Algorithm.csproj", "{4497FEE8-7477-41FD-BBA3-229D902332D1}"
EndProject
Global
	GlobalSection(SolutionConfigurationPlatforms) = preSolution
		Debug|Any CPU = Debug|Any CPU
		Release|Any CPU = Release|Any CPU
	EndGlobalSection
	GlobalSection(ProjectConfigurationPlatforms) = postSolution
		{4497FEE8-7477-41FD-BBA3-229D902332D1}.Debug|Any CPU.ActiveCfg = Debug|Any CPU
		{4497FEE8-7477-41FD-BBA3-229D902332D1}.Debug|Any CPU.Build.0 = Debug|Any CPU
		{4497FEE8-7477-41FD-BBA3-229D902332D1}.Release|Any CPU.ActiveCfg = Release|Any CPU
		{4497FEE8-7477-41FD-BBA3-229D902332D1}.Release|Any CPU.Build.0 = Release|Any CPU
	EndGlobalSection
	GlobalSection(SolutionProperties) = preSolution
		HideSolutionNode = FALSE
	EndGlobalSection
	GlobalSection(ExtensibilityGlobals) = postSolution
		SolutionGuid = {BE66D8E8-91C9-4AE6-AB66-8812D2CA729D}
	EndGlobalSection
EndGlobal
